{
  "name": "opensea-creatures",
  "version": "1.0.0",
  "lockfileVersion": 1,
  "requires": true,
  "dependencies": {
    "openzeppelin-solidity": {
      "version": "4.1.0",
      "resolved": "https://registry.npmjs.org/openzeppelin-solidity/-/openzeppelin-solidity-4.1.0.tgz",
      "integrity": "sha512-eOTwAu5q909S+Lqi4QnTQClY8KLpdnpiddrrrCuDSDaOgohBbl4VMcJj325k67m2qyalqvHu/2Fj5qqj5V9oLw=="
    },
    "p-cancelable": {
      "version": "1.1.0",
      "resolved": "https://registry.npmjs.org/p-cancelable/-/p-cancelable-1.1.0.tgz",
      "integrity": "sha512-s73XxOZ4zpt1edZYZzvhqFa6uvQc1vwUa0K0BdtIZgQMAJj9IbebH+JkgKZc9h+B05PKHLOTl4ajG1BmNrVZlw=="
    },
    "p-finally": {
      "version": "1.0.0",
      "resolved": "https://registry.npmjs.org/p-finally/-/p-finally-1.0.0.tgz",
      "integrity": "sha1-P7z7FbiZpEEjs0ttzBi3JDNqLK4="
    },
    "p-timeout": {
      "version": "1.2.1",
      "resolved": "https://registry.npmjs.org/p-timeout/-/p-timeout-1.2.1.tgz",
      "integrity": "sha1-XrOzU7f86Z8QGhA4iAuwVOu+o4Y=",
      "requires": {
        "p-finally": "^1.0.0"
      }
    },
    "parse-asn1": {
      "version": "5.1.6",
      "resolved": "https://registry.npmjs.org/parse-asn1/-/parse-asn1-5.1.6.tgz",
      "integrity": "sha512-RnZRo1EPU6JBnra2vGHj0yhp6ebyjBZpmUCLHWiFhxlzvBCCpAuZ7elsBp1PVAbQN0/04VD/19rfzlBSwLstMw==",
      "requires": {
        "asn1.js": "^5.2.0",
        "browserify-aes": "^1.0.0",
        "evp_bytestokey": "^1.0.0",
        "pbkdf2": "^3.0.3",
        "safe-buffer": "^5.1.1"
      }
    },
    "parse-headers": {
      "version": "2.0.3",
      "resolved": "https://registry.npmjs.org/parse-headers/-/parse-headers-2.0.3.tgz",
      "integrity": "sha512-QhhZ+DCCit2Coi2vmAKbq5RGTRcQUOE2+REgv8vdyu7MnYx2eZztegqtTx99TZ86GTIwqiy3+4nQTWZ2tgmdCA=="
    },
    "parseurl": {
      "version": "1.3.3",
      "resolved": "https://registry.npmjs.org/parseurl/-/parseurl-1.3.3.tgz",
      "integrity": "sha512-CiyeOxFT/JZyN5m0z9PfXw4SCBJ6Sygz1Dpl0wqjlhDEGGBP1GnsUVEL0p63hoG1fcj3fHynXi9NYO4nWOL+qQ=="
    },
    "path-to-regexp": {
      "version": "0.1.7",
      "resolved": "https://registry.npmjs.org/path-to-regexp/-/path-to-regexp-0.1.7.tgz",
      "integrity": "sha1-32BBeABfUi8V60SQ5yR6G/qmf4w="
    },
    "pbkdf2": {
      "version": "3.1.2",
      "resolved": "https://registry.npmjs.org/pbkdf2/-/pbkdf2-3.1.2.tgz",
      "integrity": "sha512-iuh7L6jA7JEGu2WxDwtQP1ddOpaJNC4KlDEFfdQajSGgGPNi4OyDc2R7QnbY2bR9QjBVGwgvTdNJZoE7RaxUMA==",
      "requires": {
        "create-hash": "^1.1.2",
        "create-hmac": "^1.1.4",
        "ripemd160": "^2.0.1",
        "safe-buffer": "^5.0.1",
        "sha.js": "^2.4.8"
      }
    },
    "pend": {
      "version": "1.2.0",
      "resolved": "https://registry.npmjs.org/pend/-/pend-1.2.0.tgz",
      "integrity": "sha1-elfrVQpng/kRUzH89GY9XI4AelA="
    },
    "performance-now": {
      "version": "2.1.0",
      "resolved": "https://registry.npmjs.org/performance-now/-/performance-now-2.1.0.tgz",
      "integrity": "sha1-Ywn04OX6kT7BxpMHrjZLSzd8nns="
    },
    "pify": {
      "version": "2.3.0",
      "resolved": "https://registry.npmjs.org/pify/-/pify-2.3.0.tgz",
      "integrity": "sha1-7RQaasBDqEnqWISY59yosVMw6Qw="
    },
    "pinkie": {
      "version": "2.0.4",
      "resolved": "https://registry.npmjs.org/pinkie/-/pinkie-2.0.4.tgz",
      "integrity": "sha1-clVrgM+g1IqXToDnckjoDtT3+HA="
    },
    "pinkie-promise": {
      "version": "2.0.1",
      "resolved": "https://registry.npmjs.org/pinkie-promise/-/pinkie-promise-2.0.1.tgz",
      "integrity": "sha1-ITXW36ejWMBprJsXh3YogihFD/o=",
      "requires": {
        "pinkie": "^2.0.0"
      }
    },
    "prepend-http": {
      "version": "2.0.0",
      "resolved": "https://registry.npmjs.org/prepend-http/-/prepend-http-2.0.0.tgz",
      "integrity": "sha1-6SQ0v6XqjBn0HN/UAddBo8gZ2Jc="
    },
    "process": {
      "version": "0.11.10",
      "resolved": "https://registry.npmjs.org/process/-/process-0.11.10.tgz",
      "integrity": "sha1-czIwDoQBYb2j5podHZGn1LwW8YI="
    },
    "process-nextick-args": {
      "version": "2.0.1",
      "resolved": "https://registry.npmjs.org/process-nextick-args/-/process-nextick-args-2.0.1.tgz",
      "integrity": "sha512-3ouUOpQhtgrbOa17J7+uxOTpITYWaGP7/AhoR3+A+/1e9skrzelGi/dXzEYyvbxubEF6Wn2ypscTKiKJFFn1ag=="
    },
    "proxy-addr": {
      "version": "2.0.7",
      "resolved": "https://registry.npmjs.org/proxy-addr/-/proxy-addr-2.0.7.tgz",
      "integrity": "sha512-llQsMLSUDUPT44jdrU/O37qlnifitDP+ZwrmmZcoSKyLKvtZxpyV0n2/bD/N4tBAAZ/gJEdZU7KMraoK1+XYAg==",
      "requires": {
        "forwarded": "0.2.0",
        "ipaddr.js": "1.9.1"
      }
    },
    "psl": {
      "version": "1.8.0",
      "resolved": "https://registry.npmjs.org/psl/-/psl-1.8.0.tgz",
      "integrity": "sha512-RIdOzyoavK+hA18OGGWDqUTsCLhtA7IcZ/6NCs4fFJaHBDab+pDDmDIByWFRQJq2Cd7r1OoQxBGKOaztq+hjIQ=="
    },
    "public-encrypt": {
      "version": "4.0.3",
      "resolved": "https://registry.npmjs.org/public-encrypt/-/public-encrypt-4.0.3.tgz",
      "integrity": "sha512-zVpa8oKZSz5bTMTFClc1fQOnyyEzpl5ozpi1B5YcvBrdohMjH2rfsBtyXcuNuwjsDIXmBYlF2N5FlJYhR29t8Q==",
      "requires": {
        "bn.js": "^4.1.0",
        "browserify-rsa": "^4.0.0",
        "create-hash": "^1.1.0",
        "parse-asn1": "^5.0.0",
        "randombytes": "^2.0.1",
        "safe-buffer": "^5.1.2"
      }
    },
    "pump": {
      "version": "3.0.0",
      "resolved": "https://registry.npmjs.org/pump/-/pump-3.0.0.tgz",
      "integrity": "sha512-LwZy+p3SFs1Pytd/jYct4wpv49HiYCqd9Rlc5ZVdk0V+8Yzv6jR5Blk3TRmPL1ft69TxP0IMZGJ+WPFU2BFhww==",
      "requires": {
        "end-of-stream": "^1.1.0",
        "once": "^1.3.1"
      }
    },
    "punycode": {
      "version": "2.1.1",
      "resolved": "https://registry.npmjs.org/punycode/-/punycode-2.1.1.tgz",
      "integrity": "sha512-XRsRjdf+j5ml+y/6GKHPZbrF/8p2Yga0JPtdqTIY2Xe5ohJPD9saDJJLPvp9+NSBprVvevdXZybnj2cv8OEd0A=="
    },
    "qs": {
      "version": "6.7.0",
      "resolved": "https://registry.npmjs.org/qs/-/qs-6.7.0.tgz",
      "integrity": "sha512-VCdBRNFTX1fyE7Nb6FYoURo/SPe62QCaAyzJvUjwRaIsc+NePBEniHlvxFmmX56+HZphIGtV0XeCirBtpDrTyQ=="
    },
    "query-string": {
      "version": "5.1.1",
      "resolved": "https://registry.npmjs.org/query-string/-/query-string-5.1.1.tgz",
      "integrity": "sha512-gjWOsm2SoGlgLEdAGt7a6slVOk9mGiXmPFMqrEhLQ68rhQuBnpfs3+EmlvqKyxnCo9/PPlF+9MtY02S1aFg+Jw==",
      "requires": {
        "decode-uri-component": "^0.2.0",
        "object-assign": "^4.1.0",
        "strict-uri-encode": "^1.0.0"
      }
    },
    "randombytes": {
      "version": "2.1.0",
      "resolved": "https://registry.npmjs.org/randombytes/-/randombytes-2.1.0.tgz",
      "integrity": "sha512-vYl3iOX+4CKUWuxGi9Ukhie6fsqXqS9FE2Zaic4tNFD2N2QQaXOMFbuKK4QmDHC0JO6B1Zp41J0LpT0oR68amQ==",
      "requires": {
        "safe-buffer": "^5.1.0"
      }
    },
    "randomfill": {
      "version": "1.0.4",
      "resolved": "https://registry.npmjs.org/randomfill/-/randomfill-1.0.4.tgz",
      "integrity": "sha512-87lcbR8+MhcWcUiQ+9e+Rwx8MyR2P7qnt15ynUlbm3TU/fjbgz4GsvfSUDTemtCCtVCqb4ZcEFlyPNTh9bBTLw==",
      "requires": {
        "randombytes": "^2.0.5",
        "safe-buffer": "^5.1.0"
      }
    },
    "randomhex": {
      "version": "0.1.5",
      "resolved": "https://registry.npmjs.org/randomhex/-/randomhex-0.1.5.tgz",
      "integrity": "sha1-us7vmCMpCRQA8qKRLGzQLxCU9YU="
    },
    "range-parser": {
      "version": "1.2.1",
      "resolved": "https://registry.npmjs.org/range-parser/-/range-parser-1.2.1.tgz",
      "integrity": "sha512-Hrgsx+orqoygnmhFbKaHE6c296J+HTAQXoxEF6gNupROmmGJRoyzfG3ccAveqCBrwr/2yxQ5BVd/GTl5agOwSg=="
    },
    "raw-body": {
      "version": "2.4.0",
      "resolved": "https://registry.npmjs.org/raw-body/-/raw-body-2.4.0.tgz",
      "integrity": "sha512-4Oz8DUIwdvoa5qMJelxipzi/iJIi40O5cGV1wNYp5hvZP8ZN0T+jiNkL0QepXs+EsQ9XJ8ipEDoiH70ySUJP3Q==",
      "requires": {
        "bytes": "3.1.0",
        "http-errors": "1.7.2",
        "iconv-lite": "0.4.24",
        "unpipe": "1.0.0"
      }
    },
    "readable-stream": {
      "version": "2.3.7",
      "resolved": "https://registry.npmjs.org/readable-stream/-/readable-stream-2.3.7.tgz",
      "integrity": "sha512-Ebho8K4jIbHAxnuxi7o42OrZgF/ZTNcsZj6nRKyUmkhLFq8CHItp/fy6hQZuZmP/n3yZ9VBUbp4zz/mX8hmYPw==",
      "requires": {
        "core-util-is": "~1.0.0",
        "inherits": "~2.0.3",
        "isarray": "~1.0.0",
        "process-nextick-args": "~2.0.0",
        "safe-buffer": "~5.1.1",
        "string_decoder": "~1.1.1",
        "util-deprecate": "~1.0.1"
      },
      "dependencies": {
        "safe-buffer": {
          "version": "5.1.2",
          "resolved": "https://registry.npmjs.org/safe-buffer/-/safe-buffer-5.1.2.tgz",
          "integrity": "sha512-Gd2UZBJDkXlY7GbJxfsE8/nvKkUEU1G38c1siN6QP6a9PT9MmHB8GnpscSmMJSoF8LOIrt8ud/wPtojys4G6+g=="
        }
      }
    },
    "request": {
      "version": "2.88.2",
      "resolved": "https://registry.npmjs.org/request/-/request-2.88.2.tgz",
      "integrity": "sha512-MsvtOrfG9ZcrOwAW+Qi+F6HbD0CWXEh9ou77uOb7FM2WPhwT7smM833PzanhJLsgXjN89Ir6V2PczXNnMpwKhw==",
      "requires": {
        "aws-sign2": "~0.7.0",
        "aws4": "^1.8.0",
        "caseless": "~0.12.0",
        "combined-stream": "~1.0.6",
        "extend": "~3.0.2",
        "forever-agent": "~0.6.1",
        "form-data": "~2.3.2",
        "har-validator": "~5.1.3",
        "http-signature": "~1.2.0",
        "is-typedarray": "~1.0.0",
        "isstream": "~0.1.2",
        "json-stringify-safe": "~5.0.1",
        "mime-types": "~2.1.19",
        "oauth-sign": "~0.9.0",
        "performance-now": "^2.1.0",
        "qs": "~6.5.2",
        "safe-buffer": "^5.1.2",
        "tough-cookie": "~2.5.0",
        "tunnel-agent": "^0.6.0",
        "uuid": "^3.3.2"
      },
      "dependencies": {
        "qs": {
          "version": "6.5.2",
          "resolved": "https://registry.npmjs.org/qs/-/qs-6.5.2.tgz",
          "integrity": "sha512-N5ZAX4/LxJmF+7wN74pUD6qAh9/wnvdQcjq9TZjevvXzSUo7bfmw91saqMjzGS2xq91/odN2dW/WOl7qQHNDGA=="
        }
      }
    },
    "responselike": {
      "version": "1.0.2",
      "resolved": "https://registry.npmjs.org/responselike/-/responselike-1.0.2.tgz",
      "integrity": "sha1-kYcg7ztjHFZCvgaPFa3lpG9Loec=",
      "requires": {
        "lowercase-keys": "^1.0.0"
      }
    },
    "ripemd160": {
      "version": "2.0.2",
      "resolved": "https://registry.npmjs.org/ripemd160/-/ripemd160-2.0.2.tgz",
      "integrity": "sha512-ii4iagi25WusVoiC4B4lq7pbXfAp3D9v5CwfkY33vffw2+pkDjY1D8GaN7spsxvCSx8dkPqOZCEZyfxcmJG2IA==",
      "requires": {
        "hash-base": "^3.0.0",
        "inherits": "^2.0.1"
      }
    },
    "safe-buffer": {
      "version": "5.2.1",
      "resolved": "https://registry.npmjs.org/safe-buffer/-/safe-buffer-5.2.1.tgz",
      "integrity": "sha512-rp3So07KcdmmKbGvgaNxQSJr7bGVSVk5S9Eq1F+ppbRo70+YeaDxkw5Dd8NPN+GD6bjnYm2VuPuCXmpuYvmCXQ=="
    },
    "safer-buffer": {
      "version": "2.1.2",
      "resolved": "https://registry.npmjs.org/safer-buffer/-/safer-buffer-2.1.2.tgz",
      "integrity": "sha512-YZo3K82SD7Riyi0E1EQPojLz7kpepnSQI9IyPbHHg1XXXevb5dJI7tpyN2ADxGcQbHG7vcyRHk0cbwqcQriUtg=="
    },
    "scrypt-js": {
      "version": "2.0.3",
      "resolved": "https://registry.npmjs.org/scrypt-js/-/scrypt-js-2.0.3.tgz",
      "integrity": "sha1-uwBAvgMEPamgEqLOqfyfhSz8h9Q="
    },
    "scryptsy": {
      "version": "2.1.0",
      "resolved": "https://registry.npmjs.org/scryptsy/-/scryptsy-2.1.0.tgz",
      "integrity": "sha512-1CdSqHQowJBnMAFyPEBRfqag/YP9OF394FV+4YREIJX4ljD7OxvQRDayyoyyCk+senRjSkP6VnUNQmVQqB6g7w=="
    },
    "seek-bzip": {
      "version": "1.0.6",
      "resolved": "https://registry.npmjs.org/seek-bzip/-/seek-bzip-1.0.6.tgz",
      "integrity": "sha512-e1QtP3YL5tWww8uKaOCQ18UxIT2laNBXHjV/S2WYCiK4udiv8lkG89KRIoCjUagnAmCBurjF4zEVX2ByBbnCjQ==",
      "requires": {
        "commander": "^2.8.1"
      },
      "dependencies": {
        "commander": {
          "version": "2.20.3",
          "resolved": "https://registry.npmjs.org/commander/-/commander-2.20.3.tgz",
          "integrity": "sha512-GpVkmM8vF2vQUkj2LvZmD35JxeJOLCwJ9cUkugyk2nuhbv3+mJvpLYYt+0+USMxE+oj+ey/lJEnhZw75x/OMcQ=="
        }
      }
    },
    "semver": {
      "version": "6.2.0",
      "resolved": "https://registry.npmjs.org/semver/-/semver-6.2.0.tgz",
      "integrity": "sha512-jdFC1VdUGT/2Scgbimf7FSx9iJLXoqfglSF+gJeuNWVpiE37OIbc1jywR/GJyFdz3mnkz2/id0L0J/cr0izR5A=="
    },
    "send": {
      "version": "0.17.1",
      "resolved": "https://registry.npmjs.org/send/-/send-0.17.1.tgz",
      "integrity": "sha512-BsVKsiGcQMFwT8UxypobUKyv7irCNRHk1T0G680vk88yf6LBByGcZJOTJCrTP2xVN6yI+XjPJcNuE3V4fT9sAg==",
      "requires": {
        "debug": "2.6.9",
        "depd": "~1.1.2",
        "destroy": "~1.0.4",
        "encodeurl": "~1.0.2",
        "escape-html": "~1.0.3",
        "etag": "~1.8.1",
        "fresh": "0.5.2",
        "http-errors": "~1.7.2",
        "mime": "1.6.0",
        "ms": "2.1.1",
        "on-finished": "~2.3.0",
        "range-parser": "~1.2.1",
        "statuses": "~1.5.0"
      },
      "dependencies": {
        "ms": {
          "version": "2.1.1",
          "resolved": "https://registry.npmjs.org/ms/-/ms-2.1.1.tgz",
          "integrity": "sha512-tgp+dl5cGk28utYktBsrFqA7HKgrhgPsg6Z/EfhWI4gl1Hwq8B/GmY/0oXZ6nF8hDVesS/FpnYaD/kOWhYQvyg=="
        }
      }
    },
    "serve-static": {
      "version": "1.14.1",
      "resolved": "https://registry.npmjs.org/serve-static/-/serve-static-1.14.1.tgz",
      "integrity": "sha512-JMrvUwE54emCYWlTI+hGrGv5I8dEwmco/00EvkzIIsR7MqrHonbD9pO2MOfFnpFntl7ecpZs+3mW+XbQZu9QCg==",
      "requires": {
        "encodeurl": "~1.0.2",
        "escape-html": "~1.0.3",
        "parseurl": "~1.3.3",
        "send": "0.17.1"
      }
    },
    "servify": {
      "version": "0.1.12",
      "resolved": "https://registry.npmjs.org/servify/-/servify-0.1.12.tgz",
      "integrity": "sha512-/xE6GvsKKqyo1BAY+KxOWXcLpPsUUyji7Qg3bVD7hh1eRze5bR1uYiuDA/k3Gof1s9BTzQZEJK8sNcNGFIzeWw==",
      "requires": {
        "body-parser": "^1.16.0",
        "cors": "^2.8.1",
        "express": "^4.14.0",
        "request": "^2.79.0",
        "xhr": "^2.3.3"
      }
    },
    "setimmediate": {
      "version": "1.0.5",
      "resolved": "https://registry.npmjs.org/setimmediate/-/setimmediate-1.0.5.tgz",
      "integrity": "sha1-KQy7Iy4waULX1+qbg3Mqt4VvgoU="
    },
    "setprototypeof": {
      "version": "1.1.1",
      "resolved": "https://registry.npmjs.org/setprototypeof/-/setprototypeof-1.1.1.tgz",
      "integrity": "sha512-JvdAWfbXeIGaZ9cILp38HntZSFSo3mWg6xGcJJsd+d4aRMOqauag1C63dJfDw7OaMYwEbHMOxEZ1lqVRYP2OAw=="
    },
    "sha.js": {
      "version": "2.4.11",
      "resolved": "https://registry.npmjs.org/sha.js/-/sha.js-2.4.11.tgz",
      "integrity": "sha512-QMEp5B7cftE7APOjk5Y6xgrbWu+WkLVQwk8JNjZ8nKRciZaByEW6MubieAiToS7+dwvrjGhH8jRXz3MVd0AYqQ==",
      "requires": {
        "inherits": "^2.0.1",
        "safe-buffer": "^5.0.1"
      }
    },
    "simple-concat": {
      "version": "1.0.1",
      "resolved": "https://registry.npmjs.org/simple-concat/-/simple-concat-1.0.1.tgz",
      "integrity": "sha512-cSFtAPtRhljv69IK0hTVZQ+OfE9nePi/rtJmw5UjHeVyVroEqJXP1sFztKUy1qU+xvz3u/sfYJLa947b7nAN2Q=="
    },
    "simple-get": {
      "version": "2.8.1",
      "resolved": "https://registry.npmjs.org/simple-get/-/simple-get-2.8.1.tgz",
      "integrity": "sha512-lSSHRSw3mQNUGPAYRqo7xy9dhKmxFXIjLjp4KHpf99GEH2VH7C3AM+Qfx6du6jhfUi6Vm7XnbEVEf7Wb6N8jRw==",
      "requires": {
        "decompress-response": "^3.3.0",
        "once": "^1.3.1",
        "simple-concat": "^1.0.0"
      }
    },
    "sshpk": {
      "version": "1.16.1",
      "resolved": "https://registry.npmjs.org/sshpk/-/sshpk-1.16.1.tgz",
      "integrity": "sha512-HXXqVUq7+pcKeLqqZj6mHFUMvXtOJt1uoUx09pFW6011inTMxqI8BA8PM95myrIyyKwdnzjdFjLiE6KBPVtJIg==",
      "requires": {
        "asn1": "~0.2.3",
        "assert-plus": "^1.0.0",
        "bcrypt-pbkdf": "^1.0.0",
        "dashdash": "^1.12.0",
        "ecc-jsbn": "~0.1.1",
        "getpass": "^0.1.1",
        "jsbn": "~0.1.0",
        "safer-buffer": "^2.0.2",
        "tweetnacl": "~0.14.0"
      }
    },
    "statuses": {
      "version": "1.5.0",
      "resolved": "https://registry.npmjs.org/statuses/-/statuses-1.5.0.tgz",
      "integrity": "sha1-Fhx9rBd2Wf2YEfQ3cfqZOBR4Yow="
    },
    "strict-uri-encode": {
      "version": "1.1.0",
      "resolved": "https://registry.npmjs.org/strict-uri-encode/-/strict-uri-encode-1.1.0.tgz",
      "integrity": "sha1-J5siXfHVgrH1TmWt3UNS4Y+qBxM="
    },
    "string_decoder": {
      "version": "1.1.1",
      "resolved": "https://registry.npmjs.org/string_decoder/-/string_decoder-1.1.1.tgz",
      "integrity": "sha512-n/ShnvDi6FHbbVfviro+WojiFzv+s8MPMHBczVePfUpDJLwoLT0ht1l4YwBCbi8pJAveEEdnkHyPyTP/mzRfwg==",
      "requires": {
        "safe-buffer": "~5.1.0"
      },
      "dependencies": {
        "safe-buffer": {
          "version": "5.1.2",
          "resolved": "https://registry.npmjs.org/safe-buffer/-/safe-buffer-5.1.2.tgz",
          "integrity": "sha512-Gd2UZBJDkXlY7GbJxfsE8/nvKkUEU1G38c1siN6QP6a9PT9MmHB8GnpscSmMJSoF8LOIrt8ud/wPtojys4G6+g=="
        }
      }
    },
    "strip-dirs": {
      "version": "2.1.0",
      "resolved": "https://registry.npmjs.org/strip-dirs/-/strip-dirs-2.1.0.tgz",
      "integrity": "sha512-JOCxOeKLm2CAS73y/U4ZeZPTkE+gNVCzKt7Eox84Iej1LT/2pTWYpZKJuxwQpvX1LiZb1xokNR7RLfuBAa7T3g==",
      "requires": {
        "is-natural-number": "^4.0.1"
      }
    },
    "strip-hex-prefix": {
      "version": "1.0.0",
      "resolved": "https://registry.npmjs.org/strip-hex-prefix/-/strip-hex-prefix-1.0.0.tgz",
      "integrity": "sha1-DF8VX+8RUTczd96du1iNoFUA428=",
      "requires": {
        "is-hex-prefixed": "1.0.0"
      }
    },
    "swarm-js": {
      "version": "0.1.39",
      "resolved": "https://registry.npmjs.org/swarm-js/-/swarm-js-0.1.39.tgz",
      "integrity": "sha512-QLMqL2rzF6n5s50BptyD6Oi0R1aWlJC5Y17SRIVXRj6OR1DRIPM7nepvrxxkjA1zNzFz6mUOMjfeqeDaWB7OOg==",
      "requires": {
        "bluebird": "^3.5.0",
        "buffer": "^5.0.5",
        "decompress": "^4.0.0",
        "eth-lib": "^0.1.26",
        "fs-extra": "^4.0.2",
        "got": "^7.1.0",
        "mime-types": "^2.1.16",
        "mkdirp-promise": "^5.0.1",
        "mock-fs": "^4.1.0",
        "setimmediate": "^1.0.5",
        "tar": "^4.0.2",
        "xhr-request-promise": "^0.1.2"
      },
      "dependencies": {
        "fs-extra": {
          "version": "4.0.3",
          "resolved": "https://registry.npmjs.org/fs-extra/-/fs-extra-4.0.3.tgz",
          "integrity": "sha512-q6rbdDd1o2mAnQreO7YADIxf/Whx4AHBiRf6d+/cVT8h44ss+lHgxf1FemcqDnQt9X3ct4McHr+JMGlYSsK7Cg==",
          "requires": {
            "graceful-fs": "^4.1.2",
            "jsonfile": "^4.0.0",
            "universalify": "^0.1.0"
          }
        },
        "get-stream": {
          "version": "3.0.0",
          "resolved": "https://registry.npmjs.org/get-stream/-/get-stream-3.0.0.tgz",
          "integrity": "sha1-jpQ9E1jcN1VQVOy+LtsFqhdO3hQ="
        },
        "got": {
          "version": "7.1.0",
          "resolved": "https://registry.npmjs.org/got/-/got-7.1.0.tgz",
          "integrity": "sha512-Y5WMo7xKKq1muPsxD+KmrR8DH5auG7fBdDVueZwETwV6VytKyU9OX/ddpq2/1hp1vIPvVb4T81dKQz3BivkNLw==",
          "requires": {
            "decompress-response": "^3.2.0",
            "duplexer3": "^0.1.4",
            "get-stream": "^3.0.0",
            "is-plain-obj": "^1.1.0",
            "is-retry-allowed": "^1.0.0",
            "is-stream": "^1.0.0",
            "isurl": "^1.0.0-alpha5",
            "lowercase-keys": "^1.0.0",
            "p-cancelable": "^0.3.0",
            "p-timeout": "^1.1.1",
            "safe-buffer": "^5.0.1",
            "timed-out": "^4.0.0",
            "url-parse-lax": "^1.0.0",
            "url-to-options": "^1.0.1"
          }
        },
        "jsonfile": {
          "version": "4.0.0",
          "resolved": "https://registry.npmjs.org/jsonfile/-/jsonfile-4.0.0.tgz",
          "integrity": "sha1-h3Gq4HmbZAdrdmQPygWPnBDjPss=",
          "requires": {
            "graceful-fs": "^4.1.6"
          }
        },
        "p-cancelable": {
          "version": "0.3.0",
          "resolved": "https://registry.npmjs.org/p-cancelable/-/p-cancelable-0.3.0.tgz",
          "integrity": "sha512-RVbZPLso8+jFeq1MfNvgXtCRED2raz/dKpacfTNxsx6pLEpEomM7gah6VeHSYV3+vo0OAi4MkArtQcWWXuQoyw=="
        },
        "prepend-http": {
          "version": "1.0.4",
          "resolved": "https://registry.npmjs.org/prepend-http/-/prepend-http-1.0.4.tgz",
          "integrity": "sha1-1PRWKwzjaW5BrFLQ4ALlemNdxtw="
        },
        "url-parse-lax": {
          "version": "1.0.0",
          "resolved": "https://registry.npmjs.org/url-parse-lax/-/url-parse-lax-1.0.0.tgz",
          "integrity": "sha1-evjzA2Rem9eaJy56FKxovAYJ2nM=",
          "requires": {
            "prepend-http": "^1.0.1"
          }
        }
      }
    },
    "tar": {
      "version": "4.4.13",
      "resolved": "https://registry.npmjs.org/tar/-/tar-4.4.13.tgz",
      "integrity": "sha512-w2VwSrBoHa5BsSyH+KxEqeQBAllHhccyMFVHtGtdMpF4W7IRWfZjFiQceJPChOeTsSDVUpER2T8FA93pr0L+QA==",
      "requires": {
        "chownr": "^1.1.1",
        "fs-minipass": "^1.2.5",
        "minipass": "^2.8.6",
        "minizlib": "^1.2.1",
        "mkdirp": "^0.5.0",
        "safe-buffer": "^5.1.2",
        "yallist": "^3.0.3"
      },
      "dependencies": {
        "mkdirp": {
          "version": "0.5.5",
          "resolved": "https://registry.npmjs.org/mkdirp/-/mkdirp-0.5.5.tgz",
          "integrity": "sha512-NKmAlESf6jMGym1++R0Ra7wvhV+wFW63FaSOFPwRahvea0gMUcGUhVeAg/0BC0wiv9ih5NYPB1Wn1UEI1/L+xQ==",
          "requires": {
            "minimist": "^1.2.5"
          }
        }
      }
    },
    "tar-stream": {
      "version": "1.6.2",
      "resolved": "https://registry.npmjs.org/tar-stream/-/tar-stream-1.6.2.tgz",
      "integrity": "sha512-rzS0heiNf8Xn7/mpdSVVSMAWAoy9bfb1WOTYC78Z0UQKeKa/CWS8FOq0lKGNa8DWKAn9gxjCvMLYc5PGXYlK2A==",
      "requires": {
        "bl": "^1.0.0",
        "buffer-alloc": "^1.2.0",
        "end-of-stream": "^1.0.0",
        "fs-constants": "^1.0.0",
        "readable-stream": "^2.3.0",
        "to-buffer": "^1.1.1",
        "xtend": "^4.0.0"
      }
    },
    "through": {
      "version": "2.3.8",
      "resolved": "https://registry.npmjs.org/through/-/through-2.3.8.tgz",
      "integrity": "sha1-DdTJ/6q8NXlgsbckEV1+Doai4fU="
    },
    "timed-out": {
      "version": "4.0.1",
      "resolved": "https://registry.npmjs.org/timed-out/-/timed-out-4.0.1.tgz",
      "integrity": "sha1-8y6srFoXW+ol1/q1Zas+2HQe9W8="
    },
    "to-buffer": {
      "version": "1.1.1",
      "resolved": "https://registry.npmjs.org/to-buffer/-/to-buffer-1.1.1.tgz",
      "integrity": "sha512-lx9B5iv7msuFYE3dytT+KE5tap+rNYw+K4jVkb9R/asAb+pbBSM17jtunHplhBe6RRJdZx3Pn2Jph24O32mOVg=="
    },
    "to-readable-stream": {
      "version": "1.0.0",
      "resolved": "https://registry.npmjs.org/to-readable-stream/-/to-readable-stream-1.0.0.tgz",
      "integrity": "sha512-Iq25XBt6zD5npPhlLVXGFN3/gyR2/qODcKNNyTMd4vbm39HUaOiAM4PMq0eMVC/Tkxz+Zjdsc55g9yyz+Yq00Q=="
    },
    "toidentifier": {
      "version": "1.0.0",
      "resolved": "https://registry.npmjs.org/toidentifier/-/toidentifier-1.0.0.tgz",
      "integrity": "sha512-yaOH/Pk/VEhBWWTlhI+qXxDFXlejDGcQipMlyxda9nthulaxLZUNcUqFxokp0vcYnvteJln5FNQDRrxj3YcbVw=="
    },
    "tough-cookie": {
      "version": "2.5.0",
      "resolved": "https://registry.npmjs.org/tough-cookie/-/tough-cookie-2.5.0.tgz",
      "integrity": "sha512-nlLsUzgm1kfLXSXfRZMc1KLAugd4hqJHDTvc2hDIwS3mZAfMEuMbc03SujMF+GEcpaX/qboeycw6iO8JwVv2+g==",
      "requires": {
        "psl": "^1.1.28",
        "punycode": "^2.1.1"
      }
    },
    "truffle-hdwallet-provider": {
      "version": "1.0.17",
      "resolved": "https://registry.npmjs.org/truffle-hdwallet-provider/-/truffle-hdwallet-provider-1.0.17.tgz",
      "integrity": "sha512-s6DvSP83jiIAc6TUcpr7Uqnja1+sLGJ8og3X7n41vfyC4OCaKmBtXL5HOHf+SsU3iblOvnbFDgmN6Y1VBL/fsg==",
      "requires": {
        "any-promise": "^1.3.0",
        "bindings": "^1.3.1",
        "web3": "1.2.1",
        "websocket": "^1.0.28"
      },
      "dependencies": {
        "web3": {
          "version": "1.2.1",
          "resolved": "https://registry.npmjs.org/web3/-/web3-1.2.1.tgz",
          "integrity": "sha512-nNMzeCK0agb5i/oTWNdQ1aGtwYfXzHottFP2Dz0oGIzavPMGSKyVlr8ibVb1yK5sJBjrWVnTdGaOC2zKDFuFRw==",
          "requires": {
            "web3-bzz": "1.2.1",
            "web3-core": "1.2.1",
            "web3-eth": "1.2.1",
            "web3-eth-personal": "1.2.1",
            "web3-net": "1.2.1",
            "web3-shh": "1.2.1",
            "web3-utils": "1.2.1"
          }
        }
      }
    },
    "tunnel-agent": {
      "version": "0.6.0",
      "resolved": "https://registry.npmjs.org/tunnel-agent/-/tunnel-agent-0.6.0.tgz",
      "integrity": "sha1-J6XeoGs2sEoKmWZ3SykIaPD8QP0=",
      "requires": {
        "safe-buffer": "^5.0.1"
      }
    },
    "tweetnacl": {
      "version": "0.14.5",
      "resolved": "https://registry.npmjs.org/tweetnacl/-/tweetnacl-0.14.5.tgz",
      "integrity": "sha1-WuaBd/GS1EViadEIr6k/+HQ/T2Q="
    },
    "type": {
      "version": "1.2.0",
      "resolved": "https://registry.npmjs.org/type/-/type-1.2.0.tgz",
      "integrity": "sha512-+5nt5AAniqsCnu2cEQQdpzCAh33kVx8n0VoFidKpB1dVVLAN/F+bgVOqOJqOnEnrhp222clB5p3vUlD+1QAnfg=="
    },
    "type-is": {
      "version": "1.6.18",
      "resolved": "https://registry.npmjs.org/type-is/-/type-is-1.6.18.tgz",
      "integrity": "sha512-TkRKr9sUTxEH8MdfuCSP7VizJyzRNMjj2J2do2Jr3Kym598JVdEksuzPQCnlFPW4ky9Q+iA+ma9BGm06XQBy8g==",
      "requires": {
        "media-typer": "0.3.0",
        "mime-types": "~2.1.24"
      }
    },
    "typedarray-to-buffer": {
      "version": "3.1.5",
      "resolved": "https://registry.npmjs.org/typedarray-to-buffer/-/typedarray-to-buffer-3.1.5.tgz",
      "integrity": "sha512-zdu8XMNEDepKKR+XYOXAVPtWui0ly0NtohUscw+UmaHiAWT8hrV1rr//H6V+0DvJ3OQ19S979M0laLfX8rm82Q==",
      "requires": {
        "is-typedarray": "^1.0.0"
      }
    },
    "ultron": {
      "version": "1.1.1",
      "resolved": "https://registry.npmjs.org/ultron/-/ultron-1.1.1.tgz",
      "integrity": "sha512-UIEXBNeYmKptWH6z8ZnqTeS8fV74zG0/eRU9VGkpzz+LIJNs8W/zM/L+7ctCkRrgbNnnR0xxw4bKOr0cW0N0Og=="
    },
    "unbzip2-stream": {
      "version": "1.4.3",
      "resolved": "https://registry.npmjs.org/unbzip2-stream/-/unbzip2-stream-1.4.3.tgz",
      "integrity": "sha512-mlExGW4w71ebDJviH16lQLtZS32VKqsSfk80GCfUlwT/4/hNRFsoscrF/c++9xinkMzECL1uL9DDwXqFWkruPg==",
      "requires": {
        "buffer": "^5.2.1",
        "through": "^2.3.8"
      }
    },
    "underscore": {
      "version": "1.9.1",
      "resolved": "https://registry.npmjs.org/underscore/-/underscore-1.9.1.tgz",
      "integrity": "sha512-5/4etnCkd9c8gwgowi5/om/mYO5ajCaOgdzj/oW+0eQV9WxKBDZw5+ycmKmeaTXjInS/W0BzpGLo2xR2aBwZdg=="
    },
    "universalify": {
      "version": "0.1.2",
      "resolved": "https://registry.npmjs.org/universalify/-/universalify-0.1.2.tgz",
      "integrity": "sha512-rBJeI5CXAlmy1pV+617WB9J63U6XcazHHF2f2dbJix4XzpUF0RS3Zbj0FGIOCAva5P/d/GBOYaACQ1w+0azUkg=="
    },
    "unpipe": {
      "version": "1.0.0",
      "resolved": "https://registry.npmjs.org/unpipe/-/unpipe-1.0.0.tgz",
      "integrity": "sha1-sr9O6FFKrmFltIF4KdIbLvSZBOw="
    },
    "uri-js": {
      "version": "4.4.1",
      "resolved": "https://registry.npmjs.org/uri-js/-/uri-js-4.4.1.tgz",
      "integrity": "sha512-7rKUyy33Q1yc98pQ1DAmLtwX109F7TIfWlW1Ydo8Wl1ii1SeHieeh0HHfPeL2fMXK6z0s8ecKs9frCuLJvndBg==",
      "requires": {
        "punycode": "^2.1.0"
      }
    },
    "url-parse-lax": {
      "version": "3.0.0",
      "resolved": "https://registry.npmjs.org/url-parse-lax/-/url-parse-lax-3.0.0.tgz",
      "integrity": "sha1-FrXK/Afb42dsGxmZF3gj1lA6yww=",
      "requires": {
        "prepend-http": "^2.0.0"
      }
    },
    "url-set-query": {
      "version": "1.0.0",
      "resolved": "https://registry.npmjs.org/url-set-query/-/url-set-query-1.0.0.tgz",
      "integrity": "sha1-AW6M/Xwg7gXK/neV6JK9BwL6ozk="
    },
    "url-to-options": {
      "version": "1.0.1",
      "resolved": "https://registry.npmjs.org/url-to-options/-/url-to-options-1.0.1.tgz",
      "integrity": "sha1-FQWgOiiaSMvXpDTvuu7FBV9WM6k="
    },
    "utf-8-validate": {
      "version": "5.0.5",
      "resolved": "https://registry.npmjs.org/utf-8-validate/-/utf-8-validate-5.0.5.tgz",
      "integrity": "sha512-+pnxRYsS/axEpkrrEpzYfNZGXp0IjC/9RIxwM5gntY4Koi8SHmUGSfxfWqxZdRxrtaoVstuOzUp/rbs3JSPELQ==",
      "requires": {
        "node-gyp-build": "^4.2.0"
      }
    },
    "utf8": {
      "version": "3.0.0",
      "resolved": "https://registry.npmjs.org/utf8/-/utf8-3.0.0.tgz",
      "integrity": "sha512-E8VjFIQ/TyQgp+TZfS6l8yp/xWppSAHzidGiRrqe4bK4XP9pTRyKFgGJpO3SN7zdX4DeomTrwaseCHovfpFcqQ=="
    },
    "util-deprecate": {
      "version": "1.0.2",
      "resolved": "https://registry.npmjs.org/util-deprecate/-/util-deprecate-1.0.2.tgz",
      "integrity": "sha1-RQ1Nyfpw3nMnYvvS1KKJgUGaDM8="
    },
    "utils-merge": {
      "version": "1.0.1",
      "resolved": "https://registry.npmjs.org/utils-merge/-/utils-merge-1.0.1.tgz",
      "integrity": "sha1-n5VxD1CiZ5R7LMwSR0HBAoQn5xM="
    },
    "uuid": {
      "version": "3.4.0",
      "resolved": "https://registry.npmjs.org/uuid/-/uuid-3.4.0.tgz",
      "integrity": "sha512-HjSDRw6gZE5JMggctHBcjVak08+KEVhSIiDzFnT9S9aegmp85S/bReBVTb4QTFaRNptJ9kuYaNhnbNEOkbKb/A=="
    },
    "vary": {
      "version": "1.1.2",
      "resolved": "https://registry.npmjs.org/vary/-/vary-1.1.2.tgz",
      "integrity": "sha1-IpnwLG3tMNSllhsLn3RSShj2NPw="
    },
    "verror": {
      "version": "1.10.0",
      "resolved": "https://registry.npmjs.org/verror/-/verror-1.10.0.tgz",
      "integrity": "sha1-OhBcoXBTr1XW4nDB+CiGguGNpAA=",
      "requires": {
        "assert-plus": "^1.0.0",
        "core-util-is": "1.0.2",
        "extsprintf": "^1.2.0"
      }
    },
    "web3-bzz": {
      "version": "1.2.1",
      "resolved": "https://registry.npmjs.org/web3-bzz/-/web3-bzz-1.2.1.tgz",
      "integrity": "sha512-LdOO44TuYbGIPfL4ilkuS89GQovxUpmLz6C1UC7VYVVRILeZS740FVB3j9V4P4FHUk1RenaDfKhcntqgVCHtjw==",
      "requires": {
        "got": "9.6.0",
        "swarm-js": "0.1.39",
        "underscore": "1.9.1"
      }
    },
    "web3-core": {
      "version": "1.2.1",
      "resolved": "https://registry.npmjs.org/web3-core/-/web3-core-1.2.1.tgz",
      "integrity": "sha512-5ODwIqgl8oIg/0+Ai4jsLxkKFWJYE0uLuE1yUKHNVCL4zL6n3rFjRMpKPokd6id6nJCNgeA64KdWQ4XfpnjdMg==",
      "requires": {
        "web3-core-helpers": "1.2.1",
        "web3-core-method": "1.2.1",
        "web3-core-requestmanager": "1.2.1",
        "web3-utils": "1.2.1"
      }
    },
    "web3-core-helpers": {
      "version": "1.2.1",
      "resolved": "https://registry.npmjs.org/web3-core-helpers/-/web3-core-helpers-1.2.1.tgz",
      "integrity": "sha512-Gx3sTEajD5r96bJgfuW377PZVFmXIH4TdqDhgGwd2lZQCcMi+DA4TgxJNJGxn0R3aUVzyyE76j4LBrh412mXrw==",
      "requires": {
        "underscore": "1.9.1",
        "web3-eth-iban": "1.2.1",
        "web3-utils": "1.2.1"
      }
    },
    "web3-core-method": {
      "version": "1.2.1",
      "resolved": "https://registry.npmjs.org/web3-core-method/-/web3-core-method-1.2.1.tgz",
      "integrity": "sha512-Ghg2WS23qi6Xj8Od3VCzaImLHseEA7/usvnOItluiIc5cKs00WYWsNy2YRStzU9a2+z8lwQywPYp0nTzR/QXdQ==",
      "requires": {
        "underscore": "1.9.1",
        "web3-core-helpers": "1.2.1",
        "web3-core-promievent": "1.2.1",
        "web3-core-subscriptions": "1.2.1",
        "web3-utils": "1.2.1"
      }
    },
    "web3-core-promievent": {
      "version": "1.2.1",
      "resolved": "https://registry.npmjs.org/web3-core-promievent/-/web3-core-promievent-1.2.1.tgz",
      "integrity": "sha512-IVUqgpIKoeOYblwpex4Hye6npM0aMR+kU49VP06secPeN0rHMyhGF0ZGveWBrGvf8WDPI7jhqPBFIC6Jf3Q3zw==",
      "requires": {
        "any-promise": "1.3.0",
        "eventemitter3": "3.1.2"
      }
    },
    "web3-core-requestmanager": {
      "version": "1.2.1",
      "resolved": "https://registry.npmjs.org/web3-core-requestmanager/-/web3-core-requestmanager-1.2.1.tgz",
      "integrity": "sha512-xfknTC69RfYmLKC+83Jz73IC3/sS2ZLhGtX33D4Q5nQ8yc39ElyAolxr9sJQS8kihOcM6u4J+8gyGMqsLcpIBg==",
      "requires": {
        "underscore": "1.9.1",
        "web3-core-helpers": "1.2.1",
        "web3-providers-http": "1.2.1",
        "web3-providers-ipc": "1.2.1",
        "web3-providers-ws": "1.2.1"
      }
    },
    "web3-core-subscriptions": {
      "version": "1.2.1",
      "resolved": "https://registry.npmjs.org/web3-core-subscriptions/-/web3-core-subscriptions-1.2.1.tgz",
      "integrity": "sha512-nmOwe3NsB8V8UFsY1r+sW6KjdOS68h8nuh7NzlWxBQT/19QSUGiERRTaZXWu5BYvo1EoZRMxCKyCQpSSXLc08g==",
      "requires": {
        "eventemitter3": "3.1.2",
        "underscore": "1.9.1",
        "web3-core-helpers": "1.2.1"
      }
    },
    "web3-eth": {
      "version": "1.2.1",
      "resolved": "https://registry.npmjs.org/web3-eth/-/web3-eth-1.2.1.tgz",
      "integrity": "sha512-/2xly4Yry5FW1i+uygPjhfvgUP/MS/Dk+PDqmzp5M88tS86A+j8BzKc23GrlA8sgGs0645cpZK/999LpEF5UdA==",
      "requires": {
        "underscore": "1.9.1",
        "web3-core": "1.2.1",
        "web3-core-helpers": "1.2.1",
        "web3-core-method": "1.2.1",
        "web3-core-subscriptions": "1.2.1",
        "web3-eth-abi": "1.2.1",
        "web3-eth-accounts": "1.2.1",
        "web3-eth-contract": "1.2.1",
        "web3-eth-ens": "1.2.1",
        "web3-eth-iban": "1.2.1",
        "web3-eth-personal": "1.2.1",
        "web3-net": "1.2.1",
        "web3-utils": "1.2.1"
      }
    },
    "web3-eth-abi": {
      "version": "1.2.1",
      "resolved": "https://registry.npmjs.org/web3-eth-abi/-/web3-eth-abi-1.2.1.tgz",
      "integrity": "sha512-jI/KhU2a/DQPZXHjo2GW0myEljzfiKOn+h1qxK1+Y9OQfTcBMxrQJyH5AP89O6l6NZ1QvNdq99ThAxBFoy5L+g==",
      "requires": {
        "ethers": "4.0.0-beta.3",
        "underscore": "1.9.1",
        "web3-utils": "1.2.1"
      }
    },
    "web3-eth-accounts": {
      "version": "1.2.1",
      "resolved": "https://registry.npmjs.org/web3-eth-accounts/-/web3-eth-accounts-1.2.1.tgz",
      "integrity": "sha512-26I4qq42STQ8IeKUyur3MdQ1NzrzCqPsmzqpux0j6X/XBD7EjZ+Cs0lhGNkSKH5dI3V8CJasnQ5T1mNKeWB7nQ==",
      "requires": {
        "any-promise": "1.3.0",
        "crypto-browserify": "3.12.0",
        "eth-lib": "0.2.7",
        "scryptsy": "2.1.0",
        "semver": "6.2.0",
        "underscore": "1.9.1",
        "uuid": "3.3.2",
        "web3-core": "1.2.1",
        "web3-core-helpers": "1.2.1",
        "web3-core-method": "1.2.1",
        "web3-utils": "1.2.1"
      },
      "dependencies": {
        "eth-lib": {
          "version": "0.2.7",
          "resolved": "https://registry.npmjs.org/eth-lib/-/eth-lib-0.2.7.tgz",
          "integrity": "sha1-L5Pxex4jrsN1nNSj/iDBKGo/wco=",
          "requires": {
            "bn.js": "^4.11.6",
            "elliptic": "^6.4.0",
            "xhr-request-promise": "^0.1.2"
          }
        },
        "uuid": {
          "version": "3.3.2",
          "resolved": "https://registry.npmjs.org/uuid/-/uuid-3.3.2.tgz",
          "integrity": "sha512-yXJmeNaw3DnnKAOKJE51sL/ZaYfWJRl1pK9dr19YFCu0ObS231AB1/LbqTKRAQ5kw8A90rA6fr4riOUpTZvQZA=="
        }
      }
    },
    "web3-eth-contract": {
      "version": "1.2.1",
      "resolved": "https://registry.npmjs.org/web3-eth-contract/-/web3-eth-contract-1.2.1.tgz",
      "integrity": "sha512-kYFESbQ3boC9bl2rYVghj7O8UKMiuKaiMkxvRH5cEDHil8V7MGEGZNH0slSdoyeftZVlaWSMqkRP/chfnKND0g==",
      "requires": {
        "underscore": "1.9.1",
        "web3-core": "1.2.1",
        "web3-core-helpers": "1.2.1",
        "web3-core-method": "1.2.1",
        "web3-core-promievent": "1.2.1",
        "web3-core-subscriptions": "1.2.1",
        "web3-eth-abi": "1.2.1",
        "web3-utils": "1.2.1"
      }
    },
    "web3-eth-ens": {
      "version": "1.2.1",
      "resolved": "https://registry.npmjs.org/web3-eth-ens/-/web3-eth-ens-1.2.1.tgz",
      "integrity": "sha512-lhP1kFhqZr2nnbu3CGIFFrAnNxk2veXpOXBY48Tub37RtobDyHijHgrj+xTh+mFiPokyrapVjpFsbGa+Xzye4Q==",
      "requires": {
        "eth-ens-namehash": "2.0.8",
        "underscore": "1.9.1",
        "web3-core": "1.2.1",
        "web3-core-helpers": "1.2.1",
        "web3-core-promievent": "1.2.1",
        "web3-eth-abi": "1.2.1",
        "web3-eth-contract": "1.2.1",
        "web3-utils": "1.2.1"
      }
    },
    "web3-eth-iban": {
      "version": "1.2.1",
      "resolved": "https://registry.npmjs.org/web3-eth-iban/-/web3-eth-iban-1.2.1.tgz",
      "integrity": "sha512-9gkr4QPl1jCU+wkgmZ8EwODVO3ovVj6d6JKMos52ggdT2YCmlfvFVF6wlGLwi0VvNa/p+0BjJzaqxnnG/JewjQ==",
      "requires": {
        "bn.js": "4.11.8",
        "web3-utils": "1.2.1"
      },
      "dependencies": {
        "bn.js": {
          "version": "4.11.8",
          "resolved": "https://registry.npmjs.org/bn.js/-/bn.js-4.11.8.tgz",
          "integrity": "sha512-ItfYfPLkWHUjckQCk8xC+LwxgK8NYcXywGigJgSwOP8Y2iyWT4f2vsZnoOXTTbo+o5yXmIUJ4gn5538SO5S3gA=="
        }
      }
    },
    "web3-eth-personal": {
      "version": "1.2.1",
      "resolved": "https://registry.npmjs.org/web3-eth-personal/-/web3-eth-personal-1.2.1.tgz",
      "integrity": "sha512-RNDVSiaSoY4aIp8+Hc7z+X72H7lMb3fmAChuSBADoEc7DsJrY/d0R5qQDK9g9t2BO8oxgLrLNyBP/9ub2Hc6Bg==",
      "requires": {
        "web3-core": "1.2.1",
        "web3-core-helpers": "1.2.1",
        "web3-core-method": "1.2.1",
        "web3-net": "1.2.1",
        "web3-utils": "1.2.1"
      }
    },
    "web3-net": {
      "version": "1.2.1",
      "resolved": "https://registry.npmjs.org/web3-net/-/web3-net-1.2.1.tgz",
      "integrity": "sha512-Yt1Bs7WgnLESPe0rri/ZoPWzSy55ovioaP35w1KZydrNtQ5Yq4WcrAdhBzcOW7vAkIwrsLQsvA+hrOCy7mNauw==",
      "requires": {
        "web3-core": "1.2.1",
        "web3-core-method": "1.2.1",
        "web3-utils": "1.2.1"
      }
    },
    "web3-providers-http": {
      "version": "1.2.1",
      "resolved": "https://registry.npmjs.org/web3-providers-http/-/web3-providers-http-1.2.1.tgz",
      "integrity": "sha512-BDtVUVolT9b3CAzeGVA/np1hhn7RPUZ6YYGB/sYky+GjeO311Yoq8SRDUSezU92x8yImSC2B+SMReGhd1zL+bQ==",
      "requires": {
        "web3-core-helpers": "1.2.1",
        "xhr2-cookies": "1.1.0"
      }
    },
    "web3-providers-ipc": {
      "version": "1.2.1",
      "resolved": "https://registry.npmjs.org/web3-providers-ipc/-/web3-providers-ipc-1.2.1.tgz",
      "integrity": "sha512-oPEuOCwxVx8L4CPD0TUdnlOUZwGBSRKScCz/Ws2YHdr9Ium+whm+0NLmOZjkjQp5wovQbyBzNa6zJz1noFRvFA==",
      "requires": {
        "oboe": "2.1.4",
        "underscore": "1.9.1",
        "web3-core-helpers": "1.2.1"
      }
    },
    "web3-providers-ws": {
      "version": "1.2.1",
      "resolved": "https://registry.npmjs.org/web3-providers-ws/-/web3-providers-ws-1.2.1.tgz",
      "integrity": "sha512-oqsQXzu+ejJACVHy864WwIyw+oB21nw/pI65/sD95Zi98+/HQzFfNcIFneF1NC4bVF3VNX4YHTNq2I2o97LAiA==",
      "requires": {
        "underscore": "1.9.1",
        "web3-core-helpers": "1.2.1",
        "websocket": "github:web3-js/WebSocket-Node#polyfill/globalThis"
      },
      "dependencies": {
        "websocket": {
          "version": "github:web3-js/WebSocket-Node#ef5ea2f41daf4a2113b80c9223df884b4d56c400",
          "from": "github:web3-js/WebSocket-Node#polyfill/globalThis",
          "requires": {
            "debug": "^2.2.0",
            "es5-ext": "^0.10.50",
            "nan": "^2.14.0",
            "typedarray-to-buffer": "^3.1.5",
            "yaeti": "^0.0.6"
          }
        }
      }
    },
    "web3-shh": {
      "version": "1.2.1",
      "resolved": "https://registry.npmjs.org/web3-shh/-/web3-shh-1.2.1.tgz",
      "integrity": "sha512-/3Cl04nza5kuFn25bV3FJWa0s3Vafr5BlT933h26xovQ6HIIz61LmvNQlvX1AhFL+SNJOTcQmK1SM59vcyC8bA==",
      "requires": {
        "web3-core": "1.2.1",
        "web3-core-method": "1.2.1",
        "web3-core-subscriptions": "1.2.1",
        "web3-net": "1.2.1"
      }
    },
    "web3-utils": {
      "version": "1.2.1",
      "resolved": "https://registry.npmjs.org/web3-utils/-/web3-utils-1.2.1.tgz",
      "integrity": "sha512-Mrcn3l58L+yCKz3zBryM6JZpNruWuT0OCbag8w+reeNROSGVlXzUQkU+gtAwc9JCZ7tKUyg67+2YUGqUjVcyBA==",
      "requires": {
        "bn.js": "4.11.8",
        "eth-lib": "0.2.7",
        "ethjs-unit": "0.1.6",
        "number-to-bn": "1.7.0",
        "randomhex": "0.1.5",
        "underscore": "1.9.1",
        "utf8": "3.0.0"
      },
      "dependencies": {
        "bn.js": {
          "version": "4.11.8",
          "resolved": "https://registry.npmjs.org/bn.js/-/bn.js-4.11.8.tgz",
          "integrity": "sha512-ItfYfPLkWHUjckQCk8xC+LwxgK8NYcXywGigJgSwOP8Y2iyWT4f2vsZnoOXTTbo+o5yXmIUJ4gn5538SO5S3gA=="
        },
        "eth-lib": {
          "version": "0.2.7",
          "resolved": "https://registry.npmjs.org/eth-lib/-/eth-lib-0.2.7.tgz",
          "integrity": "sha1-L5Pxex4jrsN1nNSj/iDBKGo/wco=",
          "requires": {
            "bn.js": "^4.11.6",
            "elliptic": "^6.4.0",
            "xhr-request-promise": "^0.1.2"
          }
        }
      }
    },
    "websocket": {
      "version": "1.0.34",
      "resolved": "https://registry.npmjs.org/websocket/-/websocket-1.0.34.tgz",
      "integrity": "sha512-PRDso2sGwF6kM75QykIesBijKSVceR6jL2G8NGYyq2XrItNC2P5/qL5XeR056GhA+Ly7JMFvJb9I312mJfmqnQ==",
      "requires": {
        "bufferutil": "^4.0.1",
        "debug": "^2.2.0",
        "es5-ext": "^0.10.50",
        "typedarray-to-buffer": "^3.1.5",
        "utf-8-validate": "^5.0.2",
        "yaeti": "^0.0.6"
      }
    },
    "wrappy": {
      "version": "1.0.2",
      "resolved": "https://registry.npmjs.org/wrappy/-/wrappy-1.0.2.tgz",
      "integrity": "sha1-tSQ9jz7BqjXxNkYFvA0QNuMKtp8="
    },
    "ws": {
      "version": "3.3.3",
      "resolved": "https://registry.npmjs.org/ws/-/ws-3.3.3.tgz",
      "integrity": "sha512-nnWLa/NwZSt4KQJu51MYlCcSQ5g7INpOrOMt4XV8j4dqTXdmlUmSHQ8/oLC069ckre0fRsgfvsKwbTdtKLCDkA==",
      "requires": {
        "async-limiter": "~1.0.0",
        "safe-buffer": "~5.1.0",
        "ultron": "~1.1.0"
      },
      "dependencies": {
        "safe-buffer": {
          "version": "5.1.2",
          "resolved": "https://registry.npmjs.org/safe-buffer/-/safe-buffer-5.1.2.tgz",
          "integrity": "sha512-Gd2UZBJDkXlY7GbJxfsE8/nvKkUEU1G38c1siN6QP6a9PT9MmHB8GnpscSmMJSoF8LOIrt8ud/wPtojys4G6+g=="
        }
      }
    },
    "xhr": {
      "version": "2.6.0",
      "resolved": "https://registry.npmjs.org/xhr/-/xhr-2.6.0.tgz",
      "integrity": "sha512-/eCGLb5rxjx5e3mF1A7s+pLlR6CGyqWN91fv1JgER5mVWg1MZmlhBvy9kjcsOdRk8RrIujotWyJamfyrp+WIcA==",
      "requires": {
        "global": "~4.4.0",
        "is-function": "^1.0.1",
        "parse-headers": "^2.0.0",
        "xtend": "^4.0.0"
      }
    },
    "xhr-request": {
      "version": "1.1.0",
      "resolved": "https://registry.npmjs.org/xhr-request/-/xhr-request-1.1.0.tgz",
      "integrity": "sha512-Y7qzEaR3FDtL3fP30k9wO/e+FBnBByZeybKOhASsGP30NIkRAAkKD/sCnLvgEfAIEC1rcmK7YG8f4oEnIrrWzA==",
      "requires": {
        "buffer-to-arraybuffer": "^0.0.5",
        "object-assign": "^4.1.1",
        "query-string": "^5.0.1",
        "simple-get": "^2.7.0",
        "timed-out": "^4.0.1",
        "url-set-query": "^1.0.0",
        "xhr": "^2.0.4"
      }
    },
    "xhr-request-promise": {
      "version": "0.1.3",
      "resolved": "https://registry.npmjs.org/xhr-request-promise/-/xhr-request-promise-0.1.3.tgz",
      "integrity": "sha512-YUBytBsuwgitWtdRzXDDkWAXzhdGB8bYm0sSzMPZT7Z2MBjMSTHFsyCT1yCRATY+XC69DUrQraRAEgcoCRaIPg==",
      "requires": {
        "xhr-request": "^1.1.0"
      }
    },
    "xhr2-cookies": {
      "version": "1.1.0",
      "resolved": "https://registry.npmjs.org/xhr2-cookies/-/xhr2-cookies-1.1.0.tgz",
      "integrity": "sha1-fXdEnQmZGX8VXLc7I99yUF7YnUg=",
      "requires": {
        "cookiejar": "^2.1.1"
      }
    },
    "xmlhttprequest": {
      "version": "1.8.0",
      "resolved": "https://registry.npmjs.org/xmlhttprequest/-/xmlhttprequest-1.8.0.tgz",
      "integrity": "sha1-Z/4HXFwk/vOfnWX197f+dRcZaPw="
    },
    "xtend": {
      "version": "4.0.2",
      "resolved": "https://registry.npmjs.org/xtend/-/xtend-4.0.2.tgz",
      "integrity": "sha512-LKYU1iAXJXUgAXn9URjiu+MWhyUXHsvfp7mcuYm9dSUKK0/CjtrUwFAxD82/mCWbtLsGjFIad0wIsod4zrTAEQ=="
    },
    "yaeti": {
      "version": "0.0.6",
      "resolved": "https://registry.npmjs.org/yaeti/-/yaeti-0.0.6.tgz",
      "integrity": "sha1-8m9ITXJoTPQr7ft2lwqhYI+/lXc="
    },
    "yallist": {
      "version": "3.1.1",
      "resolved": "https://registry.npmjs.org/yallist/-/yallist-3.1.1.tgz",
      "integrity": "sha512-a4UGQaWPH59mOXUYnAG2ewncQS4i4F43Tv3JoAM+s2VDAmS9NsK8GpDMLrCHPksFT7h3K6TOoUNn2pb7RoXx4g=="
    },
    "yauzl": {
      "version": "2.10.0",
      "resolved": "https://registry.npmjs.org/yauzl/-/yauzl-2.10.0.tgz",
      "integrity": "sha1-x+sXyT4RLLEIb6bY5R+wZnt5pfk=",
      "requires": {
        "buffer-crc32": "~0.2.3",
        "fd-slicer": "~1.1.0"
      }
    }
  }
}
